// !$*UTF8*$!
{
	archiveVersion = 1;
	classes = {
	};
	objectVersion = 50;
	objects = {

/* Begin PBXBuildFile section */
		7C256E3121204E7D00B8338E /* JSONDownloader.swift in Sources */ = {isa = PBXBuildFile; fileRef = 7C256E3021204E7D00B8338E /* JSONDownloader.swift */; };
		7C256E3321204ED500B8338E /* RepoViewerErrors.swift in Sources */ = {isa = PBXBuildFile; fileRef = 7C256E3221204ED500B8338E /* RepoViewerErrors.swift */; };
		7C256E35212061C400B8338E /* Extensions.swift in Sources */ = {isa = PBXBuildFile; fileRef = 7C256E34212061C400B8338E /* Extensions.swift */; };
		7C256E372120A87B00B8338E /* RepoViewerClient.swift in Sources */ = {isa = PBXBuildFile; fileRef = 7C256E362120A87B00B8338E /* RepoViewerClient.swift */; };
		7C256E392120B15F00B8338E /* JSONParser.swift in Sources */ = {isa = PBXBuildFile; fileRef = 7C256E382120B15F00B8338E /* JSONParser.swift */; };
		7C4C4D6A212B23E9006EF3F0 /* ResultViewController.swift in Sources */ = {isa = PBXBuildFile; fileRef = 7C4C4D69212B23E9006EF3F0 /* ResultViewController.swift */; };
		7C4D8756212EA0A9005D73B1 /* MyCustomCell.swift in Sources */ = {isa = PBXBuildFile; fileRef = 7C4D8755212EA0A9005D73B1 /* MyCustomCell.swift */; };
		7C4D8758212F10AC005D73B1 /* SearchViewController.swift in Sources */ = {isa = PBXBuildFile; fileRef = 7C4D8757212F10AC005D73B1 /* SearchViewController.swift */; };
		7C4D875A212F142D005D73B1 /* LanguageCountController.swift in Sources */ = {isa = PBXBuildFile; fileRef = 7C4D8759212F142D005D73B1 /* LanguageCountController.swift */; };
		7C593A552131558100EFC42F /* NetworkChecker.swift in Sources */ = {isa = PBXBuildFile; fileRef = 7C593A542131558100EFC42F /* NetworkChecker.swift */; };
		7C6449F1211EF20400AFDB60 /* AppDelegate.swift in Sources */ = {isa = PBXBuildFile; fileRef = 7C6449F0211EF20400AFDB60 /* AppDelegate.swift */; };
		7C6449F3211EF20400AFDB60 /* MainViewController.swift in Sources */ = {isa = PBXBuildFile; fileRef = 7C6449F2211EF20400AFDB60 /* MainViewController.swift */; };
		7C6449F6211EF20400AFDB60 /* Main.storyboard in Resources */ = {isa = PBXBuildFile; fileRef = 7C6449F4211EF20400AFDB60 /* Main.storyboard */; };
		7C6449F8211EF20500AFDB60 /* Assets.xcassets in Resources */ = {isa = PBXBuildFile; fileRef = 7C6449F7211EF20500AFDB60 /* Assets.xcassets */; };
		7C6449FB211EF20500AFDB60 /* LaunchScreen.storyboard in Resources */ = {isa = PBXBuildFile; fileRef = 7C6449F9211EF20500AFDB60 /* LaunchScreen.storyboard */; };
		7C666578213275A6008DC642 /* DetailViewController.swift in Sources */ = {isa = PBXBuildFile; fileRef = 7C666577213275A6008DC642 /* DetailViewController.swift */; };
		7CF91760212FE18D0002F645 /* MyLanguageCell.swift in Sources */ = {isa = PBXBuildFile; fileRef = 7CF9175F212FE18D0002F645 /* MyLanguageCell.swift */; };
		7CF9176221304BF60002F645 /* MySearchCell.swift in Sources */ = {isa = PBXBuildFile; fileRef = 7CF9176121304BF60002F645 /* MySearchCell.swift */; };
		7CFC555B21230AC8007354E5 /* Extractor.swift in Sources */ = {isa = PBXBuildFile; fileRef = 7CFC555A21230AC8007354E5 /* Extractor.swift */; };
/* End PBXBuildFile section */

/* Begin PBXFileReference section */
		7C256E3021204E7D00B8338E /* JSONDownloader.swift */ = {isa = PBXFileReference; lastKnownFileType = sourcecode.swift; path = JSONDownloader.swift; sourceTree = "<group>"; };
		7C256E3221204ED500B8338E /* RepoViewerErrors.swift */ = {isa = PBXFileReference; lastKnownFileType = sourcecode.swift; path = RepoViewerErrors.swift; sourceTree = "<group>"; };
		7C256E34212061C400B8338E /* Extensions.swift */ = {isa = PBXFileReference; lastKnownFileType = sourcecode.swift; path = Extensions.swift; sourceTree = "<group>"; };
		7C256E362120A87B00B8338E /* RepoViewerClient.swift */ = {isa = PBXFileReference; lastKnownFileType = sourcecode.swift; path = RepoViewerClient.swift; sourceTree = "<group>"; };
		7C256E382120B15F00B8338E /* JSONParser.swift */ = {isa = PBXFileReference; lastKnownFileType = sourcecode.swift; path = JSONParser.swift; sourceTree = "<group>"; };
		7C4C4D69212B23E9006EF3F0 /* ResultViewController.swift */ = {isa = PBXFileReference; lastKnownFileType = sourcecode.swift; path = ResultViewController.swift; sourceTree = "<group>"; };
		7C4D8755212EA0A9005D73B1 /* MyCustomCell.swift */ = {isa = PBXFileReference; lastKnownFileType = sourcecode.swift; path = MyCustomCell.swift; sourceTree = "<group>"; };
		7C4D8757212F10AC005D73B1 /* SearchViewController.swift */ = {isa = PBXFileReference; lastKnownFileType = sourcecode.swift; path = SearchViewController.swift; sourceTree = "<group>"; };
		7C4D8759212F142D005D73B1 /* LanguageCountController.swift */ = {isa = PBXFileReference; lastKnownFileType = sourcecode.swift; path = LanguageCountController.swift; sourceTree = "<group>"; };
		7C593A542131558100EFC42F /* NetworkChecker.swift */ = {isa = PBXFileReference; lastKnownFileType = sourcecode.swift; path = NetworkChecker.swift; sourceTree = "<group>"; };
		7C6449ED211EF20400AFDB60 /* RepositoryViewer.app */ = {isa = PBXFileReference; explicitFileType = wrapper.application; includeInIndex = 0; path = RepositoryViewer.app; sourceTree = BUILT_PRODUCTS_DIR; };
		7C6449F0211EF20400AFDB60 /* AppDelegate.swift */ = {isa = PBXFileReference; lastKnownFileType = sourcecode.swift; path = AppDelegate.swift; sourceTree = "<group>"; };
		7C6449F2211EF20400AFDB60 /* MainViewController.swift */ = {isa = PBXFileReference; lastKnownFileType = sourcecode.swift; path = MainViewController.swift; sourceTree = "<group>"; };
		7C6449F5211EF20400AFDB60 /* Base */ = {isa = PBXFileReference; lastKnownFileType = file.storyboard; name = Base; path = Base.lproj/Main.storyboard; sourceTree = "<group>"; };
		7C6449F7211EF20500AFDB60 /* Assets.xcassets */ = {isa = PBXFileReference; lastKnownFileType = folder.assetcatalog; path = Assets.xcassets; sourceTree = "<group>"; };
		7C6449FA211EF20500AFDB60 /* Base */ = {isa = PBXFileReference; lastKnownFileType = file.storyboard; name = Base; path = Base.lproj/LaunchScreen.storyboard; sourceTree = "<group>"; };
		7C6449FC211EF20500AFDB60 /* Info.plist */ = {isa = PBXFileReference; lastKnownFileType = text.plist.xml; path = Info.plist; sourceTree = "<group>"; };
		7C666577213275A6008DC642 /* DetailViewController.swift */ = {isa = PBXFileReference; lastKnownFileType = sourcecode.swift; path = DetailViewController.swift; sourceTree = "<group>"; };
		7CF9175F212FE18D0002F645 /* MyLanguageCell.swift */ = {isa = PBXFileReference; lastKnownFileType = sourcecode.swift; path = MyLanguageCell.swift; sourceTree = "<group>"; };
		7CF9176121304BF60002F645 /* MySearchCell.swift */ = {isa = PBXFileReference; lastKnownFileType = sourcecode.swift; path = MySearchCell.swift; sourceTree = "<group>"; };
		7CFC555A21230AC8007354E5 /* Extractor.swift */ = {isa = PBXFileReference; lastKnownFileType = sourcecode.swift; path = Extractor.swift; sourceTree = "<group>"; };
/* End PBXFileReference section */

/* Begin PBXFrameworksBuildPhase section */
		7C6449EA211EF20400AFDB60 /* Frameworks */ = {
			isa = PBXFrameworksBuildPhase;
			buildActionMask = 2147483647;
			files = (
			);
			runOnlyForDeploymentPostprocessing = 0;
		};
/* End PBXFrameworksBuildPhase section */

/* Begin PBXGroup section */
		7C6449E4211EF20400AFDB60 = {
			isa = PBXGroup;
			children = (
				7C6449EF211EF20400AFDB60 /* RepositoryViewer */,
				7C6449EE211EF20400AFDB60 /* Products */,
			);
			sourceTree = "<group>";
		};
		7C6449EE211EF20400AFDB60 /* Products */ = {
			isa = PBXGroup;
			children = (
				7C6449ED211EF20400AFDB60 /* RepositoryViewer.app */,
			);
			name = Products;
			sourceTree = "<group>";
		};
		7C6449EF211EF20400AFDB60 /* RepositoryViewer */ = {
			isa = PBXGroup;
			children = (
				7C6449F0211EF20400AFDB60 /* AppDelegate.swift */,
				7C6449F2211EF20400AFDB60 /* MainViewController.swift */,
				7C4C4D69212B23E9006EF3F0 /* ResultViewController.swift */,
				7C4D8757212F10AC005D73B1 /* SearchViewController.swift */,
				7C4D8759212F142D005D73B1 /* LanguageCountController.swift */,
				7C666577213275A6008DC642 /* DetailViewController.swift */,
				7C256E3021204E7D00B8338E /* JSONDownloader.swift */,
				7C256E382120B15F00B8338E /* JSONParser.swift */,
				7C256E362120A87B00B8338E /* RepoViewerClient.swift */,
				7CFC555A21230AC8007354E5 /* Extractor.swift */,
				7C256E3221204ED500B8338E /* RepoViewerErrors.swift */,
				7C256E34212061C400B8338E /* Extensions.swift */,
				7C4D8755212EA0A9005D73B1 /* MyCustomCell.swift */,
				7CF9175F212FE18D0002F645 /* MyLanguageCell.swift */,
				7CF9176121304BF60002F645 /* MySearchCell.swift */,
				7C593A542131558100EFC42F /* NetworkChecker.swift */,
				7C6449F4211EF20400AFDB60 /* Main.storyboard */,
				7C6449F7211EF20500AFDB60 /* Assets.xcassets */,
				7C6449F9211EF20500AFDB60 /* LaunchScreen.storyboard */,
				7C6449FC211EF20500AFDB60 /* Info.plist */,
			);
			path = RepositoryViewer;
			sourceTree = "<group>";
		};
/* End PBXGroup section */

/* Begin PBXNativeTarget section */
		7C6449EC211EF20400AFDB60 /* RepositoryViewer */ = {
			isa = PBXNativeTarget;
			buildConfigurationList = 7C6449FF211EF20500AFDB60 /* Build configuration list for PBXNativeTarget "RepositoryViewer" */;
			buildPhases = (
				7C6449E9211EF20400AFDB60 /* Sources */,
				7C6449EA211EF20400AFDB60 /* Frameworks */,
				7C6449EB211EF20400AFDB60 /* Resources */,
			);
			buildRules = (
			);
			dependencies = (
			);
			name = RepositoryViewer;
			productName = RepositoryViewer;
			productReference = 7C6449ED211EF20400AFDB60 /* RepositoryViewer.app */;
			productType = "com.apple.product-type.application";
		};
/* End PBXNativeTarget section */

/* Begin PBXProject section */
		7C6449E5211EF20400AFDB60 /* Project object */ = {
			isa = PBXProject;
			attributes = {
				LastSwiftUpdateCheck = 0940;
				LastUpgradeCheck = 0940;
				ORGANIZATIONNAME = "Ali C";
				TargetAttributes = {
					7C6449EC211EF20400AFDB60 = {
						CreatedOnToolsVersion = 9.4.1;
					};
				};
			};
			buildConfigurationList = 7C6449E8211EF20400AFDB60 /* Build configuration list for PBXProject "RepositoryViewer" */;
			compatibilityVersion = "Xcode 9.3";
			developmentRegion = en;
			hasScannedForEncodings = 0;
			knownRegions = (
				en,
				Base,
			);
			mainGroup = 7C6449E4211EF20400AFDB60;
			productRefGroup = 7C6449EE211EF20400AFDB60 /* Products */;
			projectDirPath = "";
			projectRoot = "";
			targets = (
				7C6449EC211EF20400AFDB60 /* RepositoryViewer */,
			);
		};
/* End PBXProject section */

/* Begin PBXResourcesBuildPhase section */
		7C6449EB211EF20400AFDB60 /* Resources */ = {
			isa = PBXResourcesBuildPhase;
			buildActionMask = 2147483647;
			files = (
				7C6449FB211EF20500AFDB60 /* LaunchScreen.storyboard in Resources */,
				7C6449F8211EF20500AFDB60 /* Assets.xcassets in Resources */,
				7C6449F6211EF20400AFDB60 /* Main.storyboard in Resources */,
			);
			runOnlyForDeploymentPostprocessing = 0;
		};
/* End PBXResourcesBuildPhase section */

/* Begin PBXSourcesBuildPhase section */
		7C6449E9211EF20400AFDB60 /* Sources */ = {
			isa = PBXSourcesBuildPhase;
			buildActionMask = 2147483647;
			files = (
				7C256E35212061C400B8338E /* Extensions.swift in Sources */,
				7C4D8758212F10AC005D73B1 /* SearchViewController.swift in Sources */,
				7C593A552131558100EFC42F /* NetworkChecker.swift in Sources */,
				7C256E3121204E7D00B8338E /* JSONDownloader.swift in Sources */,
				7C256E392120B15F00B8338E /* JSONParser.swift in Sources */,
				7C6449F3211EF20400AFDB60 /* MainViewController.swift in Sources */,
				7C256E3321204ED500B8338E /* RepoViewerErrors.swift in Sources */,
				7C666578213275A6008DC642 /* DetailViewController.swift in Sources */,
				7C256E372120A87B00B8338E /* RepoViewerClient.swift in Sources */,
				7C4D8756212EA0A9005D73B1 /* MyCustomCell.swift in Sources */,
				7CFC555B21230AC8007354E5 /* Extractor.swift in Sources */,
				7CF9176221304BF60002F645 /* MySearchCell.swift in Sources */,
				7C4D875A212F142D005D73B1 /* LanguageCountController.swift in Sources */,
				7C6449F1211EF20400AFDB60 /* AppDelegate.swift in Sources */,
				7CF91760212FE18D0002F645 /* MyLanguageCell.swift in Sources */,
				7C4C4D6A212B23E9006EF3F0 /* ResultViewController.swift in Sources */,
			);
			runOnlyForDeploymentPostprocessing = 0;
		};
/* End PBXSourcesBuildPhase section */

/* Begin PBXVariantGroup section */
		7C6449F4211EF20400AFDB60 /* Main.storyboard */ = {
			isa = PBXVariantGroup;
			children = (
				7C6449F5211EF20400AFDB60 /* Base */,
			);
			name = Main.storyboard;
			sourceTree = "<group>";
		};
		7C6449F9211EF20500AFDB60 /* LaunchScreen.storyboard */ = {
			isa = PBXVariantGroup;
			children = (
				7C6449FA211EF20500AFDB60 /* Base */,
			);
			name = LaunchScreen.storyboard;
			sourceTree = "<group>";
		};
/* End PBXVariantGroup section */

/* Begin XCBuildConfiguration section */
		7C6449FD211EF20500AFDB60 /* Debug */ = {
			isa = XCBuildConfiguration;
			buildSettings = {
				ALWAYS_SEARCH_USER_PATHS = NO;
				CLANG_ANALYZER_NONNULL = YES;
				CLANG_ANALYZER_NUMBER_OBJECT_CONVERSION = YES_AGGRESSIVE;
				CLANG_CXX_LANGUAGE_STANDARD = "gnu++14";
				CLANG_CXX_LIBRARY = "libc++";
				CLANG_ENABLE_MODULES = YES;
				CLANG_ENABLE_OBJC_ARC = YES;
				CLANG_ENABLE_OBJC_WEAK = YES;
				CLANG_WARN_BLOCK_CAPTURE_AUTORELEASING = YES;
				CLANG_WARN_BOOL_CONVERSION = YES;
				CLANG_WARN_COMMA = YES;
				CLANG_WARN_CONSTANT_CONVERSION = YES;
				CLANG_WARN_DEPRECATED_OBJC_IMPLEMENTATIONS = YES;
				CLANG_WARN_DIRECT_OBJC_ISA_USAGE = YES_ERROR;
				CLANG_WARN_DOCUMENTATION_COMMENTS = YES;
				CLANG_WARN_EMPTY_BODY = YES;
				CLANG_WARN_ENUM_CONVERSION = YES;
				CLANG_WARN_INFINITE_RECURSION = YES;
				CLANG_WARN_INT_CONVERSION = YES;
				CLANG_WARN_NON_LITERAL_NULL_CONVERSION = YES;
				CLANG_WARN_OBJC_IMPLICIT_RETAIN_SELF = YES;
				CLANG_WARN_OBJC_LITERAL_CONVERSION = YES;
				CLANG_WARN_OBJC_ROOT_CLASS = YES_ERROR;
				CLANG_WARN_RANGE_LOOP_ANALYSIS = YES;
				CLANG_WARN_STRICT_PROTOTYPES = YES;
				CLANG_WARN_SUSPICIOUS_MOVE = YES;
				CLANG_WARN_UNGUARDED_AVAILABILITY = YES_AGGRESSIVE;
				CLANG_WARN_UNREACHABLE_CODE = YES;
				CLANG_WARN__DUPLICATE_METHOD_MATCH = YES;
				CODE_SIGN_IDENTITY = "iPhone Developer";
				COPY_PHASE_STRIP = NO;
				DEBUG_INFORMATION_FORMAT = dwarf;
				ENABLE_STRICT_OBJC_MSGSEND = YES;
				ENABLE_TESTABILITY = YES;
				GCC_C_LANGUAGE_STANDARD = gnu11;
				GCC_DYNAMIC_NO_PIC = NO;
				GCC_NO_COMMON_BLOCKS = YES;
				GCC_OPTIMIZATION_LEVEL = 0;
				GCC_PREPROCESSOR_DEFINITIONS = (
					"DEBUG=1",
					"$(inherited)",
				);
				GCC_WARN_64_TO_32_BIT_CONVERSION = YES;
				GCC_WARN_ABOUT_RETURN_TYPE = YES_ERROR;
				GCC_WARN_UNDECLARED_SELECTOR = YES;
				GCC_WARN_UNINITIALIZED_AUTOS = YES_AGGRESSIVE;
				GCC_WARN_UNUSED_FUNCTION = YES;
				GCC_WARN_UNUSED_VARIABLE = YES;
				IPHONEOS_DEPLOYMENT_TARGET = 11.4;
				MTL_ENABLE_DEBUG_INFO = YES;
				ONLY_ACTIVE_ARCH = YES;
				SDKROOT = iphoneos;
				SWIFT_ACTIVE_COMPILATION_CONDITIONS = DEBUG;
				SWIFT_OPTIMIZATION_LEVEL = "-Onone";
			};
			name = Debug;
		};
		7C6449FE211EF20500AFDB60 /* Release */ = {
			isa = XCBuildConfiguration;
			buildSettings = {
				ALWAYS_SEARCH_USER_PATHS = NO;
				CLANG_ANALYZER_NONNULL = YES;
				CLANG_ANALYZER_NUMBER_OBJECT_CONVERSION = YES_AGGRESSIVE;
				CLANG_CXX_LANGUAGE_STANDARD = "gnu++14";
				CLANG_CXX_LIBRARY = "libc++";
				CLANG_ENABLE_MODULES = YES;
				CLANG_ENABLE_OBJC_ARC = YES;
				CLANG_ENABLE_OBJC_WEAK = YES;
				CLANG_WARN_BLOCK_CAPTURE_AUTORELEASING = YES;
				CLANG_WARN_BOOL_CONVERSION = YES;
				CLANG_WARN_COMMA = YES;
				CLANG_WARN_CONSTANT_CONVERSION = YES;
				CLANG_WARN_DEPRECATED_OBJC_IMPLEMENTATIONS = YES;
				CLANG_WARN_DIRECT_OBJC_ISA_USAGE = YES_ERROR;
				CLANG_WARN_DOCUMENTATION_COMMENTS = YES;
				CLANG_WARN_EMPTY_BODY = YES;
				CLANG_WARN_ENUM_CONVERSION = YES;
				CLANG_WARN_INFINITE_RECURSION = YES;
				CLANG_WARN_INT_CONVERSION = YES;
				CLANG_WARN_NON_LITERAL_NULL_CONVERSION = YES;
				CLANG_WARN_OBJC_IMPLICIT_RETAIN_SELF = YES;
				CLANG_WARN_OBJC_LITERAL_CONVERSION = YES;
				CLANG_WARN_OBJC_ROOT_CLASS = YES_ERROR;
				CLANG_WARN_RANGE_LOOP_ANALYSIS = YES;
				CLANG_WARN_STRICT_PROTOTYPES = YES;
				CLANG_WARN_SUSPICIOUS_MOVE = YES;
				CLANG_WARN_UNGUARDED_AVAILABILITY = YES_AGGRESSIVE;
				CLANG_WARN_UNREACHABLE_CODE = YES;
				CLANG_WARN__DUPLICATE_METHOD_MATCH = YES;
				CODE_SIGN_IDENTITY = "iPhone Developer";
				COPY_PHASE_STRIP = NO;
				DEBUG_INFORMATION_FORMAT = "dwarf-with-dsym";
				ENABLE_NS_ASSERTIONS = NO;
				ENABLE_STRICT_OBJC_MSGSEND = YES;
				GCC_C_LANGUAGE_STANDARD = gnu11;
				GCC_NO_COMMON_BLOCKS = YES;
				GCC_WARN_64_TO_32_BIT_CONVERSION = YES;
				GCC_WARN_ABOUT_RETURN_TYPE = YES_ERROR;
				GCC_WARN_UNDECLARED_SELECTOR = YES;
				GCC_WARN_UNINITIALIZED_AUTOS = YES_AGGRESSIVE;
				GCC_WARN_UNUSED_FUNCTION = YES;
				GCC_WARN_UNUSED_VARIABLE = YES;
				IPHONEOS_DEPLOYMENT_TARGET = 11.4;
				MTL_ENABLE_DEBUG_INFO = NO;
				SDKROOT = iphoneos;
				SWIFT_COMPILATION_MODE = wholemodule;
				SWIFT_OPTIMIZATION_LEVEL = "-O";
				VALIDATE_PRODUCT = YES;
			};
			name = Release;
		};
		7C644A00211EF20500AFDB60 /* Debug */ = {
			isa = XCBuildConfiguration;
			buildSettings = {
				ASSETCATALOG_COMPILER_APPICON_NAME = AppIcon;
				CODE_SIGN_STYLE = Automatic;
				DEVELOPMENT_TEAM = CPZ6V3E8L9;
				INFOPLIST_FILE = RepositoryViewer/Info.plist;
				LD_RUNPATH_SEARCH_PATHS = (
					"$(inherited)",
					"@executable_path/Frameworks",
				);
				PRODUCT_BUNDLE_IDENTIFIER = "Ali-Inc.RepositoryViewer";
				PRODUCT_NAME = "$(TARGET_NAME)";
				SWIFT_VERSION = 4.0;
				TARGETED_DEVICE_FAMILY = "1,2";
			};
			name = Debug;
		};
		7C644A01211EF20500AFDB60 /* Release */ = {
			isa = XCBuildConfiguration;
			buildSettings = {
				ASSETCATALOG_COMPILER_APPICON_NAME = AppIcon;
				CODE_SIGN_STYLE = Automatic;
				DEVELOPMENT_TEAM = CPZ6V3E8L9;
				INFOPLIST_FILE = RepositoryViewer/Info.plist;
				LD_RUNPATH_SEARCH_PATHS = (
					"$(inherited)",
					"@executable_path/Frameworks",
				);
				PRODUCT_BUNDLE_IDENTIFIER = "Ali-Inc.RepositoryViewer";
				PRODUCT_NAME = "$(TARGET_NAME)";
				SWIFT_VERSION = 4.0;
				TARGETED_DEVICE_FAMILY = "1,2";
			};
			name = Release;
		};
/* End XCBuildConfiguration section */

/* Begin XCConfigurationList section */
		7C6449E8211EF20400AFDB60 /* Build configuration list for PBXProject "RepositoryViewer" */ = {
			isa = XCConfigurationList;
			buildConfigurations = (
				7C6449FD211EF20500AFDB60 /* Debug */,
				7C6449FE211EF20500AFDB60 /* Release */,
			);
			defaultConfigurationIsVisible = 0;
			defaultConfigurationName = Release;
		};
		7C6449FF211EF20500AFDB60 /* Build configuration list for PBXNativeTarget "RepositoryViewer" */ = {
			isa = XCConfigurationList;
			buildConfigurations = (
				7C644A00211EF20500AFDB60 /* Debug */,
				7C644A01211EF20500AFDB60 /* Release */,
			);
			defaultConfigurationIsVisible = 0;
			defaultConfigurationName = Release;
		};
/* End XCConfigurationList section */
	};
	rootObject = 7C6449E5211EF20400AFDB60 /* Project object */;
}
